PODS:
  - Bolts (1.6.0):
    - Bolts/AppLinks (= 1.6.0)
    - Bolts/Tasks (= 1.6.0)
  - Bolts/AppLinks (1.6.0):
    - Bolts/Tasks
  - Bolts/Tasks (1.6.0)
  - DZImageEditing (1.0.0)
  - FBSDKCoreKit (4.9.1):
    - Bolts (~> 1.5)
  - FBSDKLoginKit (4.9.1):
    - FBSDKCoreKit
  - mopub-ios-sdk (4.3.0):
    - mopub-ios-sdk/MoPubSDK (= 4.3.0)
  - mopub-ios-sdk/MoPubSDK (4.3.0)
  - TUDelorean (0.9.0)

DEPENDENCIES:
  - DZImageEditing (from `https://github.com/harryworld/DZImageEditing`, commit `e9eb958409b9c50ac37e1f2a307f1ddb03578bcb`)
  - FBSDKLoginKit
  - mopub-ios-sdk
  - TUDelorean

EXTERNAL SOURCES:
  DZImageEditing:
    :commit: e9eb958409b9c50ac37e1f2a307f1ddb03578bcb
    :git: https://github.com/harryworld/DZImageEditing

CHECKOUT OPTIONS:
  DZImageEditing:
    :commit: e9eb958409b9c50ac37e1f2a307f1ddb03578bcb
    :git: https://github.com/harryworld/DZImageEditing

SPEC CHECKSUMS:
  Bolts: f52a250053bb517ca874523c3913776359ab3def
  DZImageEditing: f562a400d67a315f6ac7c88759e15861be212be6
  FBSDKCoreKit: aee20b6d9855f15b618d4fddd1a5ad45f5a4a59d
  FBSDKLoginKit: ec22dc49bd372b064e93d6773df4ffefb3a552a2
  mopub-ios-sdk: ef4aa305367b11c3bb465e9771e6622175049b03
  TUDelorean: 2220dd6b5a3fda0bd00cc9bb80cdadda3c99e75c

COCOAPODS: 0.39.0
